
Microsoft Visual Studio Solution File, Format Version 12.00
# Visual Studio Version 16
VisualStudioVersion = 16.0.29926.136
MinimumVisualStudioVersion = 10.0.40219.1
Project("{FAE04EC0-301F-11D3-BF4B-00C04F79EFBC}") = "File encoder", "File encoder\File encoder.csproj", "{CF41CC6D-8EAE-4E43-8766-70209AFA940D}"
EndProject
Global
	GlobalSection(SolutionConfigurationPlatforms) = preSolution
		Debug|Any CPU = Debug|Any CPU
		Release|Any CPU = Release|Any CPU
	EndGlobalSection
	GlobalSection(ProjectConfigurationPlatforms) = postSolution
		{CF41CC6D-8EAE-4E43-8766-70209AFA940D}.Debug|Any CPU.ActiveCfg = Debug|Any CPU
		{CF41CC6D-8EAE-4E43-8766-70209AFA940D}.Debug|Any CPU.Build.0 = Debug|Any CPU
		{CF41CC6D-8EAE-4E43-8766-70209AFA940D}.Release|Any CPU.ActiveCfg = Release|Any CPU
		{CF41CC6D-8EAE-4E43-8766-70209AFA940D}.Release|Any CPU.Build.0 = Release|Any CPU
	EndGlobalSection
	GlobalSection(SolutionProperties) = preSolution
		HideSolutionNode = FALSE
	EndGlobalSection
	GlobalSection(ExtensibilityGlobals) = postSolution
		SolutionGuid = {DE7AC1AD-BE9D-4CD3-ADFE-4459A884C8DF}
	EndGlobalSection
EndGlobal
